
Microsoft Visual Studio Solution File, Format Version 12.00
# Visual Studio Version 17
VisualStudioVersion = 17.10.35122.118
MinimumVisualStudioVersion = 10.0.40219.1
Project("{FAE04EC0-301F-11D3-BF4B-00C04F79EFBC}") = "TP1", "TP1\TP1.csproj", "{3EA71B0D-92C1-4FD6-802D-EDFA7D721E6C}"
EndProject
Global
	GlobalSection(SolutionConfigurationPlatforms) = preSolution
		Debug|Any CPU = Debug|Any CPU
		Release|Any CPU = Release|Any CPU
	EndGlobalSection
	GlobalSection(ProjectConfigurationPlatforms) = postSolution
		{3EA71B0D-92C1-4FD6-802D-EDFA7D721E6C}.Debug|Any CPU.ActiveCfg = Debug|Any CPU
		{3EA71B0D-92C1-4FD6-802D-EDFA7D721E6C}.Debug|Any CPU.Build.0 = Debug|Any CPU
		{3EA71B0D-92C1-4FD6-802D-EDFA7D721E6C}.Release|Any CPU.ActiveCfg = Release|Any CPU
		{3EA71B0D-92C1-4FD6-802D-EDFA7D721E6C}.Release|Any CPU.Build.0 = Release|Any CPU
	EndGlobalSection
	GlobalSection(SolutionProperties) = preSolution
		HideSolutionNode = FALSE
	EndGlobalSection
	GlobalSection(ExtensibilityGlobals) = postSolution
		SolutionGuid = {8FDD9E8C-DB52-45D0-B916-E0CF5A391FEB}
	EndGlobalSection
EndGlobal
